
Microsoft Visual Studio Solution File, Format Version 12.00
# Visual Studio Version 17
VisualStudioVersion = 17.14.36518.9
MinimumVisualStudioVersion = 10.0.40219.1
Project("{2150E333-8FDC-42A3-9474-1A3956D46DE8}") = "Task0", "Task0", "{02EA681E-C7D8-13C7-8484-4AC65E1B71E8}"
EndProject
Project("{FAE04EC0-301F-11D3-BF4B-00C04F79EFBC}") = "Tyuiu.ShahabA.Sprint3.Task0.V16", "Tyuiu.ShahabA.Sprint3.Task0.V16\Tyuiu.ShahabA.Sprint3.Task0.V16.csproj", "{F7CC84F3-8FE0-4A58-A1EF-C4708A15E588}"
EndProject
Project("{FAE04EC0-301F-11D3-BF4B-00C04F79EFBC}") = "Tyuiu.ShahabA.Sprint3.Task0.V16.Lib", "Tyuiu.ShahabA.Sprint3.Task0.V16.Lib\Tyuiu.ShahabA.Sprint3.Task0.V16.Lib.csproj", "{D219109D-4532-40C8-8A8D-E5EDC062F253}"
EndProject
Project("{FAE04EC0-301F-11D3-BF4B-00C04F79EFBC}") = "Tyuiu.ShahabA.Sprint3.Task0.V16.Test", "Tyuiu.ShahabA.Sprint3.Task0.V16.Test\Tyuiu.ShahabA.Sprint3.Task0.V16.Test.csproj", "{D704089D-27C3-482F-B363-431DC03E95CA}"
EndProject
Project("{2150E333-8FDC-42A3-9474-1A3956D46DE8}") = "Task1", "Task1", "{FF772DF1-3C0A-4E90-89AE-1509C8A429B9}"
EndProject
Project("{FAE04EC0-301F-11D3-BF4B-00C04F79EFBC}") = "Tyuiu.ShahabA.Sprint3.Task1.V14", "Tyuiu.ShahabA.Sprint3.Task1.V14\Tyuiu.ShahabA.Sprint3.Task1.V14.csproj", "{3538F717-8324-4CB0-92D5-D29C5EEF9F9E}"
EndProject
Project("{FAE04EC0-301F-11D3-BF4B-00C04F79EFBC}") = "Tyuiu.ShahabA.Sprint3.Task1.V14.Lib", "Tyuiu.ShahabA.Sprint3.Task1.V14.Lib\Tyuiu.ShahabA.Sprint3.Task1.V14.Lib.csproj", "{0104F67F-0E9A-41EF-A832-A53BE8FFEF18}"
EndProject
Project("{FAE04EC0-301F-11D3-BF4B-00C04F79EFBC}") = "Tyuiu.ShahabA.Sprint3.Task1.V14.Test", "Tyuiu.ShahabA.Sprint3.Task1.V14.Test\Tyuiu.ShahabA.Sprint3.Task1.V14.Test.csproj", "{388CDF7E-EE13-4A30-9584-4BCE7066B7E7}"
EndProject
Project("{2150E333-8FDC-42A3-9474-1A3956D46DE8}") = "Task3", "Task3", "{672320C2-4907-4104-BFBC-C931E664A38C}"
EndProject
Project("{FAE04EC0-301F-11D3-BF4B-00C04F79EFBC}") = "Tyuiu.ShahabA.Sprint3.Task2.V5", "Tyuiu.ShahabA.Sprint3.Task2.V5\Tyuiu.ShahabA.Sprint3.Task2.V5.csproj", "{B50B0A05-1FFF-40B7-A9F5-4325F92B7DD8}"
EndProject
Project("{FAE04EC0-301F-11D3-BF4B-00C04F79EFBC}") = "Tyuiu.ShahabA.Sprint3.Task2.V5.Lib", "Tyuiu.ShahabA.Sprint3.Task2.V5.Lib\Tyuiu.ShahabA.Sprint3.Task2.V5.Lib.csproj", "{1A5D7F70-DBAE-4D2E-BF93-ED945C5C4517}"
EndProject
Project("{FAE04EC0-301F-11D3-BF4B-00C04F79EFBC}") = "Tyuiu.ShahabA.Sprint3.Task2.V5.Test", "Tyuiu.ShahabA.Sprint3.Task2.V5.Test\Tyuiu.ShahabA.Sprint3.Task2.V5.Test.csproj", "{AA64068A-E9EA-4CEB-BE53-3F67E0A2340F}"
EndProject
Global
	GlobalSection(SolutionConfigurationPlatforms) = preSolution
		Debug|Any CPU = Debug|Any CPU
		Release|Any CPU = Release|Any CPU
	EndGlobalSection
	GlobalSection(ProjectConfigurationPlatforms) = postSolution
		{F7CC84F3-8FE0-4A58-A1EF-C4708A15E588}.Debug|Any CPU.ActiveCfg = Debug|Any CPU
		{F7CC84F3-8FE0-4A58-A1EF-C4708A15E588}.Debug|Any CPU.Build.0 = Debug|Any CPU
		{F7CC84F3-8FE0-4A58-A1EF-C4708A15E588}.Release|Any CPU.ActiveCfg = Release|Any CPU
		{F7CC84F3-8FE0-4A58-A1EF-C4708A15E588}.Release|Any CPU.Build.0 = Release|Any CPU
		{D219109D-4532-40C8-8A8D-E5EDC062F253}.Debug|Any CPU.ActiveCfg = Debug|Any CPU
		{D219109D-4532-40C8-8A8D-E5EDC062F253}.Debug|Any CPU.Build.0 = Debug|Any CPU
		{D219109D-4532-40C8-8A8D-E5EDC062F253}.Release|Any CPU.ActiveCfg = Release|Any CPU
		{D219109D-4532-40C8-8A8D-E5EDC062F253}.Release|Any CPU.Build.0 = Release|Any CPU
		{D704089D-27C3-482F-B363-431DC03E95CA}.Debug|Any CPU.ActiveCfg = Debug|Any CPU
		{D704089D-27C3-482F-B363-431DC03E95CA}.Debug|Any CPU.Build.0 = Debug|Any CPU
		{D704089D-27C3-482F-B363-431DC03E95CA}.Release|Any CPU.ActiveCfg = Release|Any CPU
		{D704089D-27C3-482F-B363-431DC03E95CA}.Release|Any CPU.Build.0 = Release|Any CPU
		{3538F717-8324-4CB0-92D5-D29C5EEF9F9E}.Debug|Any CPU.ActiveCfg = Debug|Any CPU
		{3538F717-8324-4CB0-92D5-D29C5EEF9F9E}.Debug|Any CPU.Build.0 = Debug|Any CPU
		{3538F717-8324-4CB0-92D5-D29C5EEF9F9E}.Release|Any CPU.ActiveCfg = Release|Any CPU
		{3538F717-8324-4CB0-92D5-D29C5EEF9F9E}.Release|Any CPU.Build.0 = Release|Any CPU
		{0104F67F-0E9A-41EF-A832-A53BE8FFEF18}.Debug|Any CPU.ActiveCfg = Debug|Any CPU
		{0104F67F-0E9A-41EF-A832-A53BE8FFEF18}.Debug|Any CPU.Build.0 = Debug|Any CPU
		{0104F67F-0E9A-41EF-A832-A53BE8FFEF18}.Release|Any CPU.ActiveCfg = Release|Any CPU
		{0104F67F-0E9A-41EF-A832-A53BE8FFEF18}.Release|Any CPU.Build.0 = Release|Any CPU
		{388CDF7E-EE13-4A30-9584-4BCE7066B7E7}.Debug|Any CPU.ActiveCfg = Debug|Any CPU
		{388CDF7E-EE13-4A30-9584-4BCE7066B7E7}.Debug|Any CPU.Build.0 = Debug|Any CPU
		{388CDF7E-EE13-4A30-9584-4BCE7066B7E7}.Release|Any CPU.ActiveCfg = Release|Any CPU
		{388CDF7E-EE13-4A30-9584-4BCE7066B7E7}.Release|Any CPU.Build.0 = Release|Any CPU
		{B50B0A05-1FFF-40B7-A9F5-4325F92B7DD8}.Debug|Any CPU.ActiveCfg = Debug|Any CPU
		{B50B0A05-1FFF-40B7-A9F5-4325F92B7DD8}.Debug|Any CPU.Build.0 = Debug|Any CPU
		{B50B0A05-1FFF-40B7-A9F5-4325F92B7DD8}.Release|Any CPU.ActiveCfg = Release|Any CPU
		{B50B0A05-1FFF-40B7-A9F5-4325F92B7DD8}.Release|Any CPU.Build.0 = Release|Any CPU
		{1A5D7F70-DBAE-4D2E-BF93-ED945C5C4517}.Debug|Any CPU.ActiveCfg = Debug|Any CPU
		{1A5D7F70-DBAE-4D2E-BF93-ED945C5C4517}.Debug|Any CPU.Build.0 = Debug|Any CPU
		{1A5D7F70-DBAE-4D2E-BF93-ED945C5C4517}.Release|Any CPU.ActiveCfg = Release|Any CPU
		{1A5D7F70-DBAE-4D2E-BF93-ED945C5C4517}.Release|Any CPU.Build.0 = Release|Any CPU
		{AA64068A-E9EA-4CEB-BE53-3F67E0A2340F}.Debug|Any CPU.ActiveCfg = Debug|Any CPU
		{AA64068A-E9EA-4CEB-BE53-3F67E0A2340F}.Debug|Any CPU.Build.0 = Debug|Any CPU
		{AA64068A-E9EA-4CEB-BE53-3F67E0A2340F}.Release|Any CPU.ActiveCfg = Release|Any CPU
		{AA64068A-E9EA-4CEB-BE53-3F67E0A2340F}.Release|Any CPU.Build.0 = Release|Any CPU
	EndGlobalSection
	GlobalSection(SolutionProperties) = preSolution
		HideSolutionNode = FALSE
	EndGlobalSection
	GlobalSection(NestedProjects) = preSolution
		{F7CC84F3-8FE0-4A58-A1EF-C4708A15E588} = {02EA681E-C7D8-13C7-8484-4AC65E1B71E8}
		{D219109D-4532-40C8-8A8D-E5EDC062F253} = {02EA681E-C7D8-13C7-8484-4AC65E1B71E8}
		{D704089D-27C3-482F-B363-431DC03E95CA} = {02EA681E-C7D8-13C7-8484-4AC65E1B71E8}
		{3538F717-8324-4CB0-92D5-D29C5EEF9F9E} = {FF772DF1-3C0A-4E90-89AE-1509C8A429B9}
		{0104F67F-0E9A-41EF-A832-A53BE8FFEF18} = {FF772DF1-3C0A-4E90-89AE-1509C8A429B9}
		{388CDF7E-EE13-4A30-9584-4BCE7066B7E7} = {FF772DF1-3C0A-4E90-89AE-1509C8A429B9}
		{B50B0A05-1FFF-40B7-A9F5-4325F92B7DD8} = {672320C2-4907-4104-BFBC-C931E664A38C}
		{1A5D7F70-DBAE-4D2E-BF93-ED945C5C4517} = {672320C2-4907-4104-BFBC-C931E664A38C}
		{AA64068A-E9EA-4CEB-BE53-3F67E0A2340F} = {672320C2-4907-4104-BFBC-C931E664A38C}
	EndGlobalSection
	GlobalSection(ExtensibilityGlobals) = postSolution
		SolutionGuid = {ED20730C-90CE-4297-976C-9BE7329889A6}
	EndGlobalSection
EndGlobal
